<Solution>
  <Folder Name="/Gateway/">
    <Project Path="gateway/Gateway.Api/Gateway.Api.csproj" />
  </Folder>
  <Folder Name="/Auth/">
    <Project Path="services/auth/src/Auth.Api/Auth.Api.csproj" />
    <Project Path="services/auth/src/Auth.Application/Auth.Application.csproj" />
    <Project Path="services/auth/src/Auth.Domain/Auth.Domain.csproj" />
    <Project Path="services/auth/src/Auth.Infrastructure/Auth.Infrastructure.csproj" />
    <Project Path="services/auth/tests/Auth.UnitTests/Auth.UnitTests.csproj" />
  </Folder>
  <Folder Name="/Inventario/">
    <Project Path="services/inventario/src/Inventario.Api/Inventario.Api.csproj" />
    <Project Path="services/inventario/src/Inventario.Application/Inventario.Application.csproj" />
    <Project Path="services/inventario/src/Inventario.Domain/Inventario.Domain.csproj" />
    <Project Path="services/inventario/src/Inventario.Infrastructure/Inventario.Infrastructure.csproj" />
  </Folder>
  <Folder Name="/Compras/">
    <Project Path="services/compras/src/Compras.Api/Compras.Api.csproj" />
    <Project Path="services/compras/src/Compras.Application/Compras.Application.csproj" />
    <Project Path="services/compras/src/Compras.Domain/Compras.Domain.csproj" />
    <Project Path="services/compras/src/Compras.Infrastructure/Compras.Infrastructure.csproj" />
  </Folder>
</Solution>
